
Microsoft Visual Studio Solution File, Format Version 12.00
# Visual Studio 15
VisualStudioVersion = 15.0.28307.271
MinimumVisualStudioVersion = 10.0.40219.1
Project("{8BC9CEB8-8B4A-11D0-8D11-00A0C91BC942}") = "Playground", "Playground\Playground.vcxproj", "{56DAE541-7ADD-4268-A2D7-A7181B7A10E8}"
EndProject
Project("{8BC9CEB8-8B4A-11D0-8D11-00A0C91BC942}") = "Codedrop", "Codedrop\Codedrop.vcxitems", "{5A0424A7-F822-4725-A2CC-A64666A087B8}"
EndProject
Global
	GlobalSection(SolutionConfigurationPlatforms) = preSolution
		Debug|x64 = Debug|x64
		Debug|x86 = Debug|x86
		Release|x64 = Release|x64
		Release|x86 = Release|x86
	EndGlobalSection
	GlobalSection(ProjectConfigurationPlatforms) = postSolution
		{56DAE541-7ADD-4268-A2D7-A7181B7A10E8}.Debug|x64.ActiveCfg = Debug|x64
		{56DAE541-7ADD-4268-A2D7-A7181B7A10E8}.Debug|x64.Build.0 = Debug|x64
		{56DAE541-7ADD-4268-A2D7-A7181B7A10E8}.Debug|x86.ActiveCfg = Debug|Win32
		{56DAE541-7ADD-4268-A2D7-A7181B7A10E8}.Debug|x86.Build.0 = Debug|Win32
		{56DAE541-7ADD-4268-A2D7-A7181B7A10E8}.Release|x64.ActiveCfg = Release|x64
		{56DAE541-7ADD-4268-A2D7-A7181B7A10E8}.Release|x64.Build.0 = Release|x64
		{56DAE541-7ADD-4268-A2D7-A7181B7A10E8}.Release|x86.ActiveCfg = Release|Win32
		{56DAE541-7ADD-4268-A2D7-A7181B7A10E8}.Release|x86.Build.0 = Release|Win32
	EndGlobalSection
	GlobalSection(SolutionProperties) = preSolution
		HideSolutionNode = FALSE
	EndGlobalSection
	GlobalSection(ExtensibilityGlobals) = postSolution
		SolutionGuid = {A561FC46-372F-4CD4-9D2E-E1D19CB16EDF}
	EndGlobalSection
EndGlobal
